
Microsoft Visual Studio Solution File, Format Version 12.00
# Visual Studio Version 17
VisualStudioVersion = 17.12.35527.113 d17.12
MinimumVisualStudioVersion = 10.0.40219.1
Project("{FAE04EC0-301F-11D3-BF4B-00C04F79EFBC}") = "EFApp", "EFApp\EFApp.csproj", "{BA47DDCE-0F45-4D2B-9803-77306AF5B1B1}"
EndProject
Project("{FAE04EC0-301F-11D3-BF4B-00C04F79EFBC}") = "Tests", "Tests\Tests.csproj", "{ADF72AFB-2935-4B80-9995-87386260882A}"
EndProject
Global
	GlobalSection(SolutionConfigurationPlatforms) = preSolution
		Debug|Any CPU = Debug|Any CPU
		Release|Any CPU = Release|Any CPU
	EndGlobalSection
	GlobalSection(ProjectConfigurationPlatforms) = postSolution
		{BA47DDCE-0F45-4D2B-9803-77306AF5B1B1}.Debug|Any CPU.ActiveCfg = Debug|Any CPU
		{BA47DDCE-0F45-4D2B-9803-77306AF5B1B1}.Debug|Any CPU.Build.0 = Debug|Any CPU
		{BA47DDCE-0F45-4D2B-9803-77306AF5B1B1}.Release|Any CPU.ActiveCfg = Release|Any CPU
		{BA47DDCE-0F45-4D2B-9803-77306AF5B1B1}.Release|Any CPU.Build.0 = Release|Any CPU
		{ADF72AFB-2935-4B80-9995-87386260882A}.Debug|Any CPU.ActiveCfg = Debug|Any CPU
		{ADF72AFB-2935-4B80-9995-87386260882A}.Debug|Any CPU.Build.0 = Debug|Any CPU
		{ADF72AFB-2935-4B80-9995-87386260882A}.Release|Any CPU.ActiveCfg = Release|Any CPU
		{ADF72AFB-2935-4B80-9995-87386260882A}.Release|Any CPU.Build.0 = Release|Any CPU
	EndGlobalSection
	GlobalSection(SolutionProperties) = preSolution
		HideSolutionNode = FALSE
	EndGlobalSection
EndGlobal
