
Microsoft Visual Studio Solution File, Format Version 12.00
# Visual Studio Version 17
VisualStudioVersion = 17.12.35527.113 d17.12
MinimumVisualStudioVersion = 10.0.40219.1
Project("{FAE04EC0-301F-11D3-BF4B-00C04F79EFBC}") = "Serialization", "Serialization\Serialization.csproj", "{B4ED37BE-9DE0-4A03-883F-8569379F7A0F}"
EndProject
Global
	GlobalSection(SolutionConfigurationPlatforms) = preSolution
		Debug|Any CPU = Debug|Any CPU
		Release|Any CPU = Release|Any CPU
	EndGlobalSection
	GlobalSection(ProjectConfigurationPlatforms) = postSolution
		{B4ED37BE-9DE0-4A03-883F-8569379F7A0F}.Debug|Any CPU.ActiveCfg = Debug|Any CPU
		{B4ED37BE-9DE0-4A03-883F-8569379F7A0F}.Debug|Any CPU.Build.0 = Debug|Any CPU
		{B4ED37BE-9DE0-4A03-883F-8569379F7A0F}.Release|Any CPU.ActiveCfg = Release|Any CPU
		{B4ED37BE-9DE0-4A03-883F-8569379F7A0F}.Release|Any CPU.Build.0 = Release|Any CPU
	EndGlobalSection
	GlobalSection(SolutionProperties) = preSolution
		HideSolutionNode = FALSE
	EndGlobalSection
EndGlobal
